
Microsoft Visual Studio Solution File, Format Version 9.00
# Visual Studio 2005
Project("{F184B08F-C81C-45F6-A57F-5ABD9991F28F}") = "Conference Registration System", "Conference Registration System.vbproj", "{1FB98912-7A30-477C-BD43-8EE95F9581EC}"
EndProject
Global
	GlobalSection(SolutionConfigurationPlatforms) = preSolution
		Debug|Any CPU = Debug|Any CPU
		Release|Any CPU = Release|Any CPU
	EndGlobalSection
	GlobalSection(ProjectConfigurationPlatforms) = postSolution
		{1FB98912-7A30-477C-BD43-8EE95F9581EC}.Debug|Any CPU.ActiveCfg = Debug|Any CPU
		{1FB98912-7A30-477C-BD43-8EE95F9581EC}.Debug|Any CPU.Build.0 = Debug|Any CPU
		{1FB98912-7A30-477C-BD43-8EE95F9581EC}.Release|Any CPU.ActiveCfg = Release|Any CPU
		{1FB98912-7A30-477C-BD43-8EE95F9581EC}.Release|Any CPU.Build.0 = Release|Any CPU
	EndGlobalSection
	GlobalSection(SolutionProperties) = preSolution
		HideSolutionNode = FALSE
	EndGlobalSection
EndGlobal
