
Microsoft Visual Studio Solution File, Format Version 9.00
# Visual Studio 2005
Project("{F184B08F-C81C-45F6-A57F-5ABD9991F28F}") = "SalesStaffSalaries", "SalesStaffSalaries.vbproj", "{A7058D42-6717-40B1-9A7C-F83F78449066}"
EndProject
Global
	GlobalSection(SolutionConfigurationPlatforms) = preSolution
		Debug|Any CPU = Debug|Any CPU
		Release|Any CPU = Release|Any CPU
	EndGlobalSection
	GlobalSection(ProjectConfigurationPlatforms) = postSolution
		{A7058D42-6717-40B1-9A7C-F83F78449066}.Debug|Any CPU.ActiveCfg = Debug|Any CPU
		{A7058D42-6717-40B1-9A7C-F83F78449066}.Debug|Any CPU.Build.0 = Debug|Any CPU
		{A7058D42-6717-40B1-9A7C-F83F78449066}.Release|Any CPU.ActiveCfg = Release|Any CPU
		{A7058D42-6717-40B1-9A7C-F83F78449066}.Release|Any CPU.Build.0 = Release|Any CPU
	EndGlobalSection
	GlobalSection(SolutionProperties) = preSolution
		HideSolutionNode = FALSE
	EndGlobalSection
EndGlobal
