
Microsoft Visual Studio Solution File, Format Version 11.00
# Visual Studio 2010
Project("{F184B08F-C81C-45F6-A57F-5ABD9991F28F}") = "StateAbbreviations", "StateAbbreviations\StateAbbreviations.vbproj", "{3186AB73-90A1-4100-862C-0D0435993428}"
EndProject
Global
	GlobalSection(SolutionConfigurationPlatforms) = preSolution
		Debug|x86 = Debug|x86
		Release|x86 = Release|x86
	EndGlobalSection
	GlobalSection(ProjectConfigurationPlatforms) = postSolution
		{3186AB73-90A1-4100-862C-0D0435993428}.Debug|x86.ActiveCfg = Debug|x86
		{3186AB73-90A1-4100-862C-0D0435993428}.Debug|x86.Build.0 = Debug|x86
		{3186AB73-90A1-4100-862C-0D0435993428}.Release|x86.ActiveCfg = Release|x86
		{3186AB73-90A1-4100-862C-0D0435993428}.Release|x86.Build.0 = Release|x86
	EndGlobalSection
	GlobalSection(SolutionProperties) = preSolution
		HideSolutionNode = FALSE
	EndGlobalSection
EndGlobal
